
Microsoft Visual Studio Solution File, Format Version 12.00
# Visual Studio 2015
Project("{FAE04EC0-301F-11D3-BF4B-00C04F79EFBC}") = "Puzzle Quest - Characters and UI.CSharp", "Puzzle Quest - Characters and UI.CSharp.csproj", "{09E48C28-3FE9-4402-9F47-21BC3ECF50B8}"
EndProject
Project("{FAE04EC0-301F-11D3-BF4B-00C04F79EFBC}") = "Puzzle Quest - Characters and UI.CSharp.Editor", "Puzzle Quest - Characters and UI.CSharp.Editor.csproj", "{21888B01-32B2-5C7E-D104-62455A424F47}"
EndProject
Global
	GlobalSection(SolutionConfigurationPlatforms) = preSolution
		Debug|Any CPU = Debug|Any CPU
		Release|Any CPU = Release|Any CPU
	EndGlobalSection
	GlobalSection(ProjectConfigurationPlatforms) = postSolution
		{09E48C28-3FE9-4402-9F47-21BC3ECF50B8}.Debug|Any CPU.ActiveCfg = Debug|Any CPU
		{09E48C28-3FE9-4402-9F47-21BC3ECF50B8}.Debug|Any CPU.Build.0 = Debug|Any CPU
		{09E48C28-3FE9-4402-9F47-21BC3ECF50B8}.Release|Any CPU.ActiveCfg = Release|Any CPU
		{09E48C28-3FE9-4402-9F47-21BC3ECF50B8}.Release|Any CPU.Build.0 = Release|Any CPU
		{21888B01-32B2-5C7E-D104-62455A424F47}.Debug|Any CPU.ActiveCfg = Debug|Any CPU
		{21888B01-32B2-5C7E-D104-62455A424F47}.Debug|Any CPU.Build.0 = Debug|Any CPU
		{21888B01-32B2-5C7E-D104-62455A424F47}.Release|Any CPU.ActiveCfg = Release|Any CPU
		{21888B01-32B2-5C7E-D104-62455A424F47}.Release|Any CPU.Build.0 = Release|Any CPU
	EndGlobalSection
	GlobalSection(SolutionProperties) = preSolution
		HideSolutionNode = FALSE
	EndGlobalSection
EndGlobal
